Microsoft Visual Studio Solution File, Format Version 11.00
# Visual Studio 2008

Project("{3D2863C0-21AB-E506-96BF-7DCF6718C6D7}") = "Unity_Networking_Test", "Assembly-CSharp-firstpass.csproj", "{A1A1E9C2-B152-B1EC-F6F2-74A32780F9E1}"
EndProject
Project("{3D2863C0-21AB-E506-96BF-7DCF6718C6D7}") = "Unity_Networking_Test", "Assembly-CSharp.csproj", "{DECAE95B-5268-7B08-D76B-080893299752}"
EndProject
Project("{3D2863C0-21AB-E506-96BF-7DCF6718C6D7}") = "Unity_Networking_Test", "Assembly-UnityScript-firstpass.unityproj", "{2098A179-68AD-3C40-0606-80C567E98EA1}"
EndProject
Project("{3D2863C0-21AB-E506-96BF-7DCF6718C6D7}") = "Unity_Networking_Test", "Assembly-UnityScript.unityproj", "{7DFC5E75-B8BD-96BB-3551-9972DBCEE654}"
EndProject
Global
	GlobalSection(SolutionConfigurationPlatforms) = preSolution
		Debug|Any CPU = Debug|Any CPU
		Release|Any CPU = Release|Any CPU
	EndGlobalSection
	GlobalSection(ProjectConfigurationPlatforms) = postSolution
		{A1A1E9C2-B152-B1EC-F6F2-74A32780F9E1}.Debug|Any CPU.ActiveCfg = Debug|Any CPU
		{A1A1E9C2-B152-B1EC-F6F2-74A32780F9E1}.Debug|Any CPU.Build.0 = Debug|Any CPU
		{A1A1E9C2-B152-B1EC-F6F2-74A32780F9E1}.Release|Any CPU.ActiveCfg = Release|Any CPU
		{A1A1E9C2-B152-B1EC-F6F2-74A32780F9E1}.Release|Any CPU.Build.0 = Release|Any CPU
		{DECAE95B-5268-7B08-D76B-080893299752}.Debug|Any CPU.ActiveCfg = Debug|Any CPU
		{DECAE95B-5268-7B08-D76B-080893299752}.Debug|Any CPU.Build.0 = Debug|Any CPU
		{DECAE95B-5268-7B08-D76B-080893299752}.Release|Any CPU.ActiveCfg = Release|Any CPU
		{DECAE95B-5268-7B08-D76B-080893299752}.Release|Any CPU.Build.0 = Release|Any CPU
		{2098A179-68AD-3C40-0606-80C567E98EA1}.Debug|Any CPU.ActiveCfg = Debug|Any CPU
		{2098A179-68AD-3C40-0606-80C567E98EA1}.Debug|Any CPU.Build.0 = Debug|Any CPU
		{2098A179-68AD-3C40-0606-80C567E98EA1}.Release|Any CPU.ActiveCfg = Release|Any CPU
		{2098A179-68AD-3C40-0606-80C567E98EA1}.Release|Any CPU.Build.0 = Release|Any CPU
		{7DFC5E75-B8BD-96BB-3551-9972DBCEE654}.Debug|Any CPU.ActiveCfg = Debug|Any CPU
		{7DFC5E75-B8BD-96BB-3551-9972DBCEE654}.Debug|Any CPU.Build.0 = Debug|Any CPU
		{7DFC5E75-B8BD-96BB-3551-9972DBCEE654}.Release|Any CPU.ActiveCfg = Release|Any CPU
		{7DFC5E75-B8BD-96BB-3551-9972DBCEE654}.Release|Any CPU.Build.0 = Release|Any CPU
	EndGlobalSection
	GlobalSection(SolutionProperties) = preSolution
		HideSolutionNode = FALSE
	EndGlobalSection
																																																																																																																																																																			GlobalSection(MonoDevelopProperties) = preSolution
		StartupItem = Assembly-CSharp.csproj
		Policies = $0
		$0.TextStylePolicy = $1
		$1.inheritsSet = null
		$1.scope = text/x-csharp
		$0.CSharpFormattingPolicy = $2
		$2.inheritsSet = Mono
		$2.inheritsScope = text/x-csharp
		$2.scope = text/x-csharp
		$0.TextStylePolicy = $3
		$3.FileWidth = 120
		$3.TabWidth = 4
		$3.EolMarker = Unix
		$3.inheritsSet = Mono
		$3.inheritsScope = text/plain
		$3.scope = text/plain
	EndGlobalSection

EndGlobal
